[root]
name = "httpd_rs"
version = "0.1.0"
dependencies = [
 "bufstream 0.1.1 (registry+https://github.com/rust-lang/crates.io-index)",
 "regex 0.1.30 (registry+https://github.com/rust-lang/crates.io-index)",
]

[[package]]
name = "bufstream"
version = "0.1.1"
source = "registry+https://github.com/rust-lang/crates.io-index"

[[package]]
name = "regex"
version = "0.1.30"
source = "registry+https://github.com/rust-lang/crates.io-index"

